
Microsoft Visual Studio Solution File, Format Version 12.00
# Visual Studio Version 17
VisualStudioVersion = 17.0.32014.148
MinimumVisualStudioVersion = 10.0.40219.1
Project("{2150E333-8FDC-42A3-9474-1A3956D46DE8}") = "Services", "Services", "{AB90B79C-8BFF-4076-9F1E-D76AA7DA044C}"
EndProject
Project("{2150E333-8FDC-42A3-9474-1A3956D46DE8}") = "Catalog", "Catalog", "{5B9B5FCC-1EDD-47B1-865B-4EBA7CB944DE}"
EndProject
Project("{9A19103F-16F7-4668-BE54-9A1E7A4F7556}") = "Catalog.API", "src\Catalog\Catalog.API\Catalog.API.csproj", "{BC978C47-7210-43F7-9528-8020CA8B7D2E}"
EndProject
Project("{E53339B2-1760-4266-BCC7-CA923CBCF16C}") = "docker-compose", "docker-compose.dcproj", "{B1CE59B3-A367-4505-9E73-E57AD708515D}"
EndProject
Project("{2150E333-8FDC-42A3-9474-1A3956D46DE8}") = "Basket", "Basket", "{9759379C-9216-4B38-8320-C2912ED9F47A}"
EndProject
Project("{9A19103F-16F7-4668-BE54-9A1E7A4F7556}") = "Basket.Api", "src\Basket\Basket.Api\Basket.Api.csproj", "{EE0C1729-F52A-4179-9B87-0465FB2EE6CB}"
EndProject
Project("{2150E333-8FDC-42A3-9474-1A3956D46DE8}") = "Discount", "Discount", "{A95C8496-494A-4E76-8866-8B45EB1DBED9}"
EndProject
Project("{FAE04EC0-301F-11D3-BF4B-00C04F79EFBC}") = "Discount.Api", "src\Discount\Discount.Api\Discount.Api.csproj", "{06BC307E-9868-4953-9686-515C49F5943F}"
EndProject
Global
	GlobalSection(SolutionConfigurationPlatforms) = preSolution
		Debug|Any CPU = Debug|Any CPU
		Release|Any CPU = Release|Any CPU
	EndGlobalSection
	GlobalSection(ProjectConfigurationPlatforms) = postSolution
		{BC978C47-7210-43F7-9528-8020CA8B7D2E}.Debug|Any CPU.ActiveCfg = Debug|Any CPU
		{BC978C47-7210-43F7-9528-8020CA8B7D2E}.Debug|Any CPU.Build.0 = Debug|Any CPU
		{BC978C47-7210-43F7-9528-8020CA8B7D2E}.Release|Any CPU.ActiveCfg = Release|Any CPU
		{BC978C47-7210-43F7-9528-8020CA8B7D2E}.Release|Any CPU.Build.0 = Release|Any CPU
		{B1CE59B3-A367-4505-9E73-E57AD708515D}.Debug|Any CPU.ActiveCfg = Debug|Any CPU
		{B1CE59B3-A367-4505-9E73-E57AD708515D}.Debug|Any CPU.Build.0 = Debug|Any CPU
		{B1CE59B3-A367-4505-9E73-E57AD708515D}.Release|Any CPU.ActiveCfg = Release|Any CPU
		{B1CE59B3-A367-4505-9E73-E57AD708515D}.Release|Any CPU.Build.0 = Release|Any CPU
		{EE0C1729-F52A-4179-9B87-0465FB2EE6CB}.Debug|Any CPU.ActiveCfg = Debug|Any CPU
		{EE0C1729-F52A-4179-9B87-0465FB2EE6CB}.Debug|Any CPU.Build.0 = Debug|Any CPU
		{EE0C1729-F52A-4179-9B87-0465FB2EE6CB}.Release|Any CPU.ActiveCfg = Release|Any CPU
		{EE0C1729-F52A-4179-9B87-0465FB2EE6CB}.Release|Any CPU.Build.0 = Release|Any CPU
		{06BC307E-9868-4953-9686-515C49F5943F}.Debug|Any CPU.ActiveCfg = Debug|Any CPU
		{06BC307E-9868-4953-9686-515C49F5943F}.Debug|Any CPU.Build.0 = Debug|Any CPU
		{06BC307E-9868-4953-9686-515C49F5943F}.Release|Any CPU.ActiveCfg = Release|Any CPU
		{06BC307E-9868-4953-9686-515C49F5943F}.Release|Any CPU.Build.0 = Release|Any CPU
	EndGlobalSection
	GlobalSection(SolutionProperties) = preSolution
		HideSolutionNode = FALSE
	EndGlobalSection
	GlobalSection(NestedProjects) = preSolution
		{5B9B5FCC-1EDD-47B1-865B-4EBA7CB944DE} = {AB90B79C-8BFF-4076-9F1E-D76AA7DA044C}
		{BC978C47-7210-43F7-9528-8020CA8B7D2E} = {5B9B5FCC-1EDD-47B1-865B-4EBA7CB944DE}
		{9759379C-9216-4B38-8320-C2912ED9F47A} = {AB90B79C-8BFF-4076-9F1E-D76AA7DA044C}
		{EE0C1729-F52A-4179-9B87-0465FB2EE6CB} = {9759379C-9216-4B38-8320-C2912ED9F47A}
		{A95C8496-494A-4E76-8866-8B45EB1DBED9} = {AB90B79C-8BFF-4076-9F1E-D76AA7DA044C}
		{06BC307E-9868-4953-9686-515C49F5943F} = {A95C8496-494A-4E76-8866-8B45EB1DBED9}
	EndGlobalSection
	GlobalSection(ExtensibilityGlobals) = postSolution
		SolutionGuid = {8623CA69-8469-440C-BE32-00CA38B3D1B0}
	EndGlobalSection
EndGlobal
